version = 1
revision = 3
requires-python = "==3.11.*"

[[package]]
name = "chongzu"
version = "0.1.0.dev0"
source = { editable = "." }
dependencies = [
    { name = "duckdb" },
    { name = "polars" },
    { name = "pymupdf" },
    { name = "python-calamine" },
]

[package.dev-dependencies]
dev = [
    { name = "pytest" },
]

[package.metadata]
requires-dist = [
    { name = "duckdb", specifier = "==1.5.5" },
    { name = "polars", specifier = "==1.44.1" },
    { name = "pymupdf", specifier = "==1.28.2" },
    { name = "python-calamine", specifier = "==0.8.2" },
]

[package.metadata.requires-dev]
dev = [{ name = "pytest", specifier = "==8.4.2" }]

[[package]]
name = "colorama"
version = "0.4.6"
source = { registry = "https://pypi.org/simple" }
sdist = { url = "https://files.pythonhosted.org/packages/d8/53/6f443c9a4a8358a93a6792e2acffb9d9d5cb0a5cfd8802644b7b1c9a02e4/colorama-0.4.6.tar.gz", hash = "sha256:08695f5cb7ed6e0531a20572697297273c47b8cae5a63ffc6d6ed5c201be6e44", size = 27697, upload-time = "2022-10-25T02:36:22.414Z" }
wheels = [
    { url = "https://files.pythonhosted.org/packages/d1/d6/3965ed04c63042e047cb6a3e6ed1a63a35087b6a609aa3a15ed8ac56c221/colorama-0.4.6-py2.py3-none-any.whl", hash = "sha256:4f1d9991f5acc0ca119f9d443620b77f9d6b33703e51011c16baf57afb285fc6", size = 25335, upload-time = "2022-10-25T02:36:20.889Z" },
]

[[package]]
name = "duckdb"
version = "1.5.5"
source = { registry = "https://pypi.org/simple" }
sdist = { url = "https://files.pythonhosted.org/packages/7d/19/e57151753576373c6696a12022648546cca6038e8833fda2908ee2342d9b/duckdb-1.5.5.tar.gz", hash = "sha256:72f33ee57ca7595b23957671a2cc7f7fe2be0ecc2d68f63abedcfcaa3a5c1238", size = 18066741, upload-time = "2026-07-22T10:55:17.819Z" }
wheels = [
    { url = "https://files.pythonhosted.org/packages/9c/c2/b62ec24d57bb8df4e24b0b58f7f8facb32f5fdb9f1895aed9e9fcdded168/duckdb-1.5.5-cp311-cp311-macosx_10_9_universal2.whl", hash = "sha256:1b543841b0ae18a9c982345cfa3987e9c065d3a4b0f067daa473d92d1e65f528", size = 32708371, upload-time = "2026-07-22T10:53:41.642Z" },
    { url = "https://files.pythonhosted.org/packages/8a/ce/769171ba45f0b73632dc3bc3108d891e81dd6c6bbfba630a34a75b4dcc0f/duckdb-1.5.5-cp311-cp311-macosx_10_9_x86_64.whl", hash = "sha256:1a925d06c2a4c3b64553d6cc1aced5028d376d4479bed689a7d47e9b1dccd80a", size = 17343979, upload-time = "2026-07-22T10:53:44.951Z" },
    { url = "https://files.pythonhosted.org/packages/46/59/a8e3384ee916e00d5dcf985194c1511d61978540778a1e96fa47f9fb3e0d/duckdb-1.5.5-cp311-cp311-macosx_11_0_arm64.whl", hash = "sha256:0c42757cb34722144bd4dfb94b6f336339e7b2468f6813fa7fa9a319ba07bab4", size = 15493704, upload-time = "2026-07-22T10:53:47.912Z" },
    { url = "https://files.pythonhosted.org/packages/6f/1d/9840179c2607b90523a2884a129c4d4e6dbdc1178ba62a976c1043beba88/duckdb-1.5.5-cp311-cp311-manylinux_2_26_aarch64.manylinux_2_28_aarch64.whl", hash = "sha256:2e72f9e1a4f90a5c8483ad4d540e495bf0834ba61c360b52499a573d7ed62a3f", size = 19366574, upload-time = "2026-07-22T10:53:51.876Z" },
    { url = "https://files.pythonhosted.org/packages/b5/55/f9641a4eebcc2f4df631287d6c3b9ed2eea3b92644f93acbad825e3972b6/duckdb-1.5.5-cp311-cp311-manylinux_2_26_x86_64.manylinux_2_28_x86_64.whl", hash = "sha256:b9b6f86ed85d4ef5e0211eaebf75d057bd8bb520bba438a95dd0f4e42234bbfe", size = 21477952, upload-time = "2026-07-22T10:53:55.575Z" },
    { url = "https://files.pythonhosted.org/packages/3c/3a/07c3556e37a5c97b95917b029c8fdde4a25fbd76a660bacdac195cf20dcb/duckdb-1.5.5-cp311-cp311-win_amd64.whl", hash = "sha256:9f4287f97ccf0c1f3d471e7115be2b067cbf99627e2d34bffd462dd64703cddc", size = 13156986, upload-time = "2026-07-22T10:53:58.823Z" },
    { url = "https://files.pythonhosted.org/packages/4f/ff/07b48eef2078ca033847e9caa46cc7633b714c5f91ad1ce091c8ca89d792/duckdb-1.5.5-cp311-cp311-win_arm64.whl", hash = "sha256:179633a3fc6296c75d57c69c1e239fa9e5cdcb670fd1dbff88a02663f932905c", size = 14001317, upload-time = "2026-07-22T10:54:01.724Z" },
]

[[package]]
name = "iniconfig"
version = "2.3.0"
source = { registry = "https://pypi.org/simple" }
sdist = { url = "https://files.pythonhosted.org/packages/72/34/14ca021ce8e5dfedc35312d08ba8bf51fdd999c576889fc2c24cb97f4f10/iniconfig-2.3.0.tar.gz", hash = "sha256:c76315c77db068650d49c5b56314774a7804df16fee4402c1f19d6d15d8c4730", size = 20503, upload-time = "2025-10-18T21:55:43.219Z" }
wheels = [
    { url = "https://files.pythonhosted.org/packages/cb/b1/3846dd7f199d53cb17f49cba7e651e9ce294d8497c8c150530ed11865bb8/iniconfig-2.3.0-py3-none-any.whl", hash = "sha256:f631c04d2c48c52b84d0d0549c99ff3859c98df65b3101406327ecc7d53fbf12", size = 7484, upload-time = "2025-10-18T21:55:41.639Z" },
]

[[package]]
name = "packaging"
version = "26.3"
source = { registry = "https://pypi.org/simple" }
sdist = { url = "https://files.pythonhosted.org/packages/7d/fa/3944b40b07da9ce895c0e6303a5ab7d53da063554f534556b134a54d6093/packaging-26.3.tar.gz", hash = "sha256:94edc256424af38762eb31306eed28beb9f0efc50a8837492c9d6fd6004aed79", size = 313412, upload-time = "2026-08-04T18:15:28.737Z" }
wheels = [
    { url = "https://files.pythonhosted.org/packages/63/34/ba1c580383c9eada3711951fef0795c80b829a078d72188184bcab9dd527/packaging-26.3-py3-none-any.whl", hash = "sha256:d7193f7c8e4e93f444fde0262bf90af30e16fa0ad0ad44cb553c87339b23cd1c", size = 129956, upload-time = "2026-08-04T18:15:27.159Z" },
]

[[package]]
name = "pluggy"
version = "1.6.0"
source = { registry = "https://pypi.org/simple" }
sdist = { url = "https://files.pythonhosted.org/packages/f9/e2/3e91f31a7d2b083fe6ef3fa267035b518369d9511ffab804f839851d2779/pluggy-1.6.0.tar.gz", hash = "sha256:7dcc130b76258d33b90f61b658791dede3486c3e6bfb003ee5c9bfb396dd22f3", size = 69412, upload-time = "2025-05-15T12:30:07.975Z" }
wheels = [
    { url = "https://files.pythonhosted.org/packages/54/20/4d324d65cc6d9205fabedc306948156824eb9f0ee1633355a8f7ec5c66bf/pluggy-1.6.0-py3-none-any.whl", hash = "sha256:e920276dd6813095e9377c0bc5566d94c932c33b27a3e3945d8389c374dd4746", size = 20538, upload-time = "2025-05-15T12:30:06.134Z" },
]

[[package]]
name = "polars"
version = "1.44.1"
source = { registry = "https://pypi.org/simple" }
dependencies = [
    { name = "polars-runtime-32" },
]
sdist = { url = "https://files.pythonhosted.org/packages/26/73/258a1fe17bb2744a507199566ed712663144fdd0811b615b59a47dfa38d2/polars-1.44.1.tar.gz", hash = "sha256:ef3c89e9ebbbe8eb343c06873f1945683f8b6f97a1bdf001c60551c6c5e3cda1", size = 765660, upload-time = "2026-08-26T07:09:12.704Z" }
wheels = [
    { url = "https://files.pythonhosted.org/packages/3a/f1/59154659081930fbde291ea6225607956b500a71b0ce45d88217b7d32da2/polars-1.44.1-py3-none-any.whl", hash = "sha256:1fa62fc1c88fba77a68b28291b5aabdd69e5f38b34e59721a064ae3169b59bb5", size = 865208, upload-time = "2026-08-26T07:07:44.646Z" },
]

[[package]]
name = "polars-runtime-32"
version = "1.44.1"
source = { registry = "https://pypi.org/simple" }
sdist = { url = "https://files.pythonhosted.org/packages/fd/b2/2a76415d047a45df05489f2334c91ff120a274cf655d4ca030c7f54a8743/polars_runtime_32-1.44.1.tar.gz", hash = "sha256:abd10a54ed1caff42228610fcba0f93251f9870bd7cffb0c78bc26f5e0718ce4", size = 3171156, upload-time = "2026-08-26T07:09:14.243Z" }
wheels = [
    { url = "https://files.pythonhosted.org/packages/f1/93/ef9344dcec16757cf21027dc907ef989197e50742cfe4407f2e87edb0a7f/polars_runtime_32-1.44.1-cp310-abi3-macosx_10_12_x86_64.whl", hash = "sha256:1dfccb2b52aa50468a7d28e3e61c8338a13fb5bffc8646e388a649f5bdc6b463", size = 53962370, upload-time = "2026-08-26T07:07:47.21Z" },
    { url = "https://files.pythonhosted.org/packages/10/da/38b32b7901af33f1fee2172ceaa39e9159825657920064298917392d78fa/polars_runtime_32-1.44.1-cp310-abi3-macosx_11_0_arm64.whl", hash = "sha256:0580807dc3eed258f0db70bb65d905dd43f0135392119ec25308033ae24258fb", size = 48620468, upload-time = "2026-08-26T07:07:50.436Z" },
    { url = "https://files.pythonhosted.org/packages/49/51/185af877d1d2236671493cf72bd3327a6046240eeea69c0696d1af2a5acb/polars_runtime_32-1.44.1-cp310-abi3-manylinux_2_17_aarch64.manylinux2014_aarch64.whl", hash = "sha256:0627f9aa82cb869725235e5188f698862fd9ada0c8c1cf65c3dc5a49a4a0ec26", size = 52455947, upload-time = "2026-08-26T07:07:53.776Z" },
    { url = "https://files.pythonhosted.org/packages/fc/0a/0858f60cb5a6f8f73ec4cdd73eccd9f748d66bfc23304c5c23fa3468094a/polars_runtime_32-1.44.1-cp310-abi3-manylinux_2_17_x86_64.manylinux2014_x86_64.whl", hash = "sha256:eea4283be8e60822d890dbda20588fe59b4172b508bd5ebf3471e531ca9f50d7", size = 58561262, upload-time = "2026-08-26T07:07:57.508Z" },
    { url = "https://files.pythonhosted.org/packages/73/08/de4774b5612d7c8739f89ac01b601486b4f057b1da35a5b876bf9276fd95/polars_runtime_32-1.44.1-cp310-abi3-musllinux_1_2_aarch64.whl", hash = "sha256:04e2c0f46e7a9906fffb1897f18f23b079b74f83c56b50060bace9e7b9b49b1a", size = 52636064, upload-time = "2026-08-26T07:08:06.337Z" },
    { url = "https://files.pythonhosted.org/packages/98/ac/769c598dd106e2a6647798da3ed25ddeee67f2d12c04f5da316cb3da6360/polars_runtime_32-1.44.1-cp310-abi3-musllinux_1_2_x86_64.whl", hash = "sha256:0956f0cae632d8fad3a04b4315bf2bb69b56d10c83c79a75c2c4c5a13b9ce5cc", size = 56447612, upload-time = "2026-08-26T07:08:12.36Z" },
    { url = "https://files.pythonhosted.org/packages/b2/ee/98408296e15388020b6183323fdbe78ccab4f72c20d8e0d7092c062d3ad2/polars_runtime_32-1.44.1-cp310-abi3-win_amd64.whl", hash = "sha256:159334184e6fbb074c9f4692221ea19970a5e2bed2a479f9d7bdb00b7f3eedb9", size = 53702970, upload-time = "2026-08-26T07:08:15.398Z" },
    { url = "https://files.pythonhosted.org/packages/e9/9d/8b17e075aac73c881a50b6c1f690d20df46db2f3bcabc99f600ecdee1290/polars_runtime_32-1.44.1-cp310-abi3-win_arm64.whl", hash = "sha256:3ba28d638d0513e0b4afbcdab5c0059a85021e5f81d62b5f793e7e23badb2cf7", size = 47281050, upload-time = "2026-08-26T07:08:18.43Z" },
]

[[package]]
name = "pygments"
version = "2.21.0"
source = { registry = "https://pypi.org/simple" }
sdist = { url = "https://files.pythonhosted.org/packages/49/2e/ced460408999b33da6b31b0021b0f37d329e202d4169aeb164493778f25b/pygments-2.21.0.tar.gz", hash = "sha256:610ca751c9bc2492b38eb9a38a7fbc93edbbb2d7182edaf34e66ae493dee5c8c", size = 5005329, upload-time = "2026-08-17T08:02:48.824Z" }
wheels = [
    { url = "https://files.pythonhosted.org/packages/71/46/17f022dd3e953bf20a04a028a21ec746d942f8d2af30fa0f124fa0e6a684/pygments-2.21.0-py3-none-any.whl", hash = "sha256:2363c69b61c4a97c838da3b130dcd6468f4848992b21a82f2a63ec34377137d9", size = 1250147, upload-time = "2026-08-17T08:02:44.912Z" },
]

[[package]]
name = "pymupdf"
version = "1.28.2"
source = { registry = "https://pypi.org/simple" }
sdist = { url = "https://files.pythonhosted.org/packages/a3/fb/b6761fa2d5266f2cdb24c3b91f4023070ab7848381417678e7a289a1d52a/pymupdf-1.28.2.tar.gz", hash = "sha256:5e0be7908a715aa20333caddd73f1d6f01e4cd0c26e869fa2dd0b7f344da2249", size = 87903557, upload-time = "2026-08-06T21:43:23.321Z" }
wheels = [
    { url = "https://files.pythonhosted.org/packages/b4/51/550c9a75c4ff3245cb4ecb7bb95cbe2ab7374230b8e2b7a1f7259444150b/pymupdf-1.28.2-cp310-abi3-macosx_10_15_x86_64.whl", hash = "sha256:5fc315b425ff1f7afdd1ea2f348205cb19b806767daae7ce4d64115799c2bae1", size = 24645079, upload-time = "2026-08-06T21:37:25.001Z" },
    { url = "https://files.pythonhosted.org/packages/fa/01/3591f781b417b382a8487a2356e927acfe858b1043bab0ec47f6805bb109/pymupdf-1.28.2-cp310-abi3-macosx_11_0_arm64.whl", hash = "sha256:7113846b35dbf0a033f088e4f4fb543dabeb4b0b12c112966a1ca1ee2d5eacae", size = 23875605, upload-time = "2026-08-06T21:37:40.369Z" },
    { url = "https://files.pythonhosted.org/packages/d2/86/4a68f080b71b46802178346af46486e1697508e760855ff5f3b218a6dff7/pymupdf-1.28.2-cp310-abi3-manylinux_2_28_aarch64.whl", hash = "sha256:3050a233dde1211efe89ada74e2add6238436434159f46097a1423aad2842545", size = 25095554, upload-time = "2026-08-06T21:37:58.485Z" },
    { url = "https://files.pythonhosted.org/packages/c7/06/dace3e27af26690cb20bead80dbac42941b0841eb689b8aabbd67dde16f0/pymupdf-1.28.2-cp310-abi3-manylinux_2_28_x86_64.whl", hash = "sha256:397d6715c1f0df7548a92d0afd8ce370fc48fa47aeefac16be2bc04a16a8227f", size = 25762500, upload-time = "2026-08-06T21:38:17.438Z" },
    { url = "https://files.pythonhosted.org/packages/e5/61/4146dfa1d8172a1ce8d59f0eed94896ddefb8deb2274534d0522fbb8abf5/pymupdf-1.28.2-cp310-abi3-musllinux_1_2_x86_64.whl", hash = "sha256:f89fb2d86d07d643a269f17a093105057e20c79c1d06c103b53600067b6d2b01", size = 25986309, upload-time = "2026-08-06T21:38:35.472Z" },
    { url = "https://files.pythonhosted.org/packages/52/60/1fb6e64676f7500ebe89054b9e5bbbe14d3101c92d5f1a40ac9a35227673/pymupdf-1.28.2-cp310-abi3-win32.whl", hash = "sha256:530ef543a3885b3b81cb72a854e7c5a625a9233201221132bb6c31698c6a2bdb", size = 18525353, upload-time = "2026-08-06T21:38:47.697Z" },
    { url = "https://files.pythonhosted.org/packages/4a/61/d563bbccba262f9dd6d2d35ccb72593648184d886188efb12d9ce8f34dd6/pymupdf-1.28.2-cp310-abi3-win_amd64.whl", hash = "sha256:ebd244918798502d7b4504c90410d1711a4d7675a32584ca30f1bab419ecbffe", size = 19826532, upload-time = "2026-08-06T21:39:00.213Z" },
    { url = "https://files.pythonhosted.org/packages/e2/93/08f404a1f0155fe24137cf2d3aabd3e2b4b08c62053ed89c60f2611be3e9/pymupdf-1.28.2-cp310-abi3-win_arm64.whl", hash = "sha256:ffe91a24edc75c80da2a4b62f50fc0f54632d34fc8fe4cbc48e5c7ff07cf8fb4", size = 19759252, upload-time = "2026-08-06T21:39:12.937Z" },
    { url = "https://files.pythonhosted.org/packages/58/8c/d897dcd32a25b58186c968b15ce4324ca029e9d96460de12325314e390be/pymupdf-1.28.2-cp313-abi3-pyemscripten_2025_0_wasm32.whl", hash = "sha256:2e1b574c0fd2cb238021033fd3c0f9c4388816638df064e4bfb56d9d81736dc8", size = 18399403, upload-time = "2026-08-06T21:39:25.008Z" },
]

[[package]]
name = "pytest"
version = "8.4.2"
source = { registry = "https://pypi.org/simple" }
dependencies = [
    { name = "colorama", marker = "sys_platform == 'win32'" },
    { name = "iniconfig" },
    { name = "packaging" },
    { name = "pluggy" },
    { name = "pygments" },
]
sdist = { url = "https://files.pythonhosted.org/packages/a3/5c/00a0e072241553e1a7496d638deababa67c5058571567b92a7eaa258397c/pytest-8.4.2.tar.gz", hash = "sha256:86c0d0b93306b961d58d62a4db4879f27fe25513d4b969df351abdddb3c30e01", size = 1519618, upload-time = "2025-09-04T14:34:22.711Z" }
wheels = [
    { url = "https://files.pythonhosted.org/packages/a8/a4/20da314d277121d6534b3a980b29035dcd51e6744bd79075a6ce8fa4eb8d/pytest-8.4.2-py3-none-any.whl", hash = "sha256:872f880de3fc3a5bdc88a11b39c9710c3497a547cfa9320bc3c5e62fbf272e79", size = 365750, upload-time = "2025-09-04T14:34:20.226Z" },
]

[[package]]
name = "python-calamine"
version = "0.8.2"
source = { registry = "https://pypi.org/simple" }
sdist = { url = "https://files.pythonhosted.org/packages/10/36/473a55063a6af3739cdf4b879869d3067e677f3dfb52ec8fadac23941a33/python_calamine-0.8.2.tar.gz", hash = "sha256:b2000c085722afd01d973af3d58325d26cfd798b3665bb0924e3a658351ebfad", size = 227187, upload-time = "2026-07-13T13:58:26.909Z" }
wheels = [
    { url = "https://files.pythonhosted.org/packages/d0/a0/33beab8ace41d872de57da04d06ab001e31b42d283defd42a81f5653526b/python_calamine-0.8.2-cp311-cp311-macosx_10_12_x86_64.whl", hash = "sha256:29b2ee38dfa98e430ae4f32849fb46bd47befd8adbed0a08c290326371d195fe", size = 860315, upload-time = "2026-07-13T13:56:08.143Z" },
    { url = "https://files.pythonhosted.org/packages/c6/e6/cbd088173589d7f78b5aaab821721a790e8d621a653512de3c412f92ac0a/python_calamine-0.8.2-cp311-cp311-macosx_11_0_arm64.whl", hash = "sha256:8e44f54daa383a64704b8f975e0ee793c429bcc0de67bd231b1762179a539475", size = 853168, upload-time = "2026-07-13T13:56:09.83Z" },
    { url = "https://files.pythonhosted.org/packages/c3/4a/612f005c24ead4ca1dc844371a443a6b74a8b53e66f506d0cf8edf9097bb/python_calamine-0.8.2-cp311-cp311-manylinux_2_17_aarch64.manylinux2014_aarch64.whl", hash = "sha256:6dd67cf7806e2b29b04d32453a1c6c4b304b2e86120813f3a96696245a8ed461", size = 927629, upload-time = "2026-07-13T13:56:11.519Z" },
    { url = "https://files.pythonhosted.org/packages/74/7b/03a261f4489eb04df88d770d317e021858e37d70a958188dabab19a9fe58/python_calamine-0.8.2-cp311-cp311-manylinux_2_17_armv7l.manylinux2014_armv7l.whl", hash = "sha256:28ceb21f80bd251e48265a7742235c87488a4cac9ff91f523fb3fdc1e56195dc", size = 920851, upload-time = "2026-07-13T13:56:13.209Z" },
    { url = "https://files.pythonhosted.org/packages/c1/30/f84cdb77a2d1034703ec5f2c9a7bee469c7d99f1e54374b247ed319a3164/python_calamine-0.8.2-cp311-cp311-manylinux_2_17_ppc64le.manylinux2014_ppc64le.whl", hash = "sha256:22434c553f4f6b945f63caa271351ec9f4d6fd11bdb97cafc094c474f13aabc0", size = 1090840, upload-time = "2026-07-13T13:56:14.743Z" },
    { url = "https://files.pythonhosted.org/packages/4b/b4/531f2878776b601e3e2895a7f8a3b41729ca7447fc6d6e59cf90d55cb03a/python_calamine-0.8.2-cp311-cp311-manylinux_2_17_s390x.manylinux2014_s390x.whl", hash = "sha256:1ca82ceef14d9194caf0a62e02749b8449d92430b11523c99c9670b7a763fa5e", size = 989963, upload-time = "2026-07-13T13:56:16.484Z" },
    { url = "https://files.pythonhosted.org/packages/4b/9e/f8879a6c1334997825d6f5cfba1552f7fe9b1dd650e3b03e8bc0b1f5e875/python_calamine-0.8.2-cp311-cp311-manylinux_2_17_x86_64.manylinux2014_x86_64.whl", hash = "sha256:819c86fbfc638eca46b7c06134632959a2ce8ae20aeb580d89b4b6f6cfc5fb94", size = 924123, upload-time = "2026-07-13T13:56:18.099Z" },
    { url = "https://files.pythonhosted.org/packages/b8/88/de03268656a12fd9a73974cd836558f113db152202c93160e57fe0dc10e5/python_calamine-0.8.2-cp311-cp311-manylinux_2_5_i686.manylinux1_i686.whl", hash = "sha256:ccccafe6767027eae0ab5493b0afcbc35da38aa64a9b85657bbe8660cb60dd98", size = 1003606, upload-time = "2026-07-13T13:56:19.772Z" },
    { url = "https://files.pythonhosted.org/packages/ed/d8/7ec6aa10bea0d2f4c535d6b7685a58f7e4ba24f7323dfb05aaa789f5baba/python_calamine-0.8.2-cp311-cp311-musllinux_1_1_aarch64.whl", hash = "sha256:43648db3d6773d4e56b23d405fa3e91ed3398e3b05b9244d50dbb61ffb67d34a", size = 1103990, upload-time = "2026-07-13T13:56:21.582Z" },
    { url = "https://files.pythonhosted.org/packages/cc/aa/969ca12f2412ae4b1c6830b42cc6c5a419704b76ddabbb5e7fec803275aa/python_calamine-0.8.2-cp311-cp311-musllinux_1_1_armv7l.whl", hash = "sha256:ebf7a362249f80ff1519e6f568f3046266cbb3157fda262cd725013e17b18d9f", size = 1195526, upload-time = "2026-07-13T13:56:23.407Z" },
    { url = "https://files.pythonhosted.org/packages/20/81/23d9f1ca602a194a57aa7bced4a554ec57532377fbe3955dcfcd227fefff/python_calamine-0.8.2-cp311-cp311-musllinux_1_1_x86_64.whl", hash = "sha256:71d5ffc0d81bf9d6b8c5051a256fd4e6d0f0bcaf65700ad7d6fb35e35712d932", size = 1139854, upload-time = "2026-07-13T13:56:24.875Z" },
    { url = "https://files.pythonhosted.org/packages/ca/9c/b3e73e321c2fa78cf7f64720801fc5e74e8be722129293a1c5fe0c3d7e71/python_calamine-0.8.2-cp311-cp311-win32.whl", hash = "sha256:ac23687b41bbe4a6964a69420051cc59e81d4fcf32e5e82342fd3c970d141f24", size = 738563, upload-time = "2026-07-13T13:56:26.429Z" },
    { url = "https://files.pythonhosted.org/packages/05/e3/d13fc340b0a0b0010d3c5799ed6c578e13cbc6501d629ee301e7e37468dd/python_calamine-0.8.2-cp311-cp311-win_amd64.whl", hash = "sha256:c94abc66f8b544e5fc126dfaa6b41b77a394adfe09dac95e20679823e41e38be", size = 777797, upload-time = "2026-07-13T13:56:28.112Z" },
    { url = "https://files.pythonhosted.org/packages/53/30/b00a62b6c910d83511454f1474896432c839ccf53183f184ef5cbf822fa5/python_calamine-0.8.2-cp311-cp311-win_arm64.whl", hash = "sha256:0288fa6488f6ced089d3848d572fc41098e4e7c9e09976d269043957ca432b7b", size = 749055, upload-time = "2026-07-13T13:56:29.749Z" },
    { url = "https://files.pythonhosted.org/packages/6d/76/7c558e6eb904fd05cf9c3e59464df5d03f507d87ce564df0452f15d848cf/python_calamine-0.8.2-pp311-pypy311_pp73-macosx_10_12_x86_64.whl", hash = "sha256:1d13023efd46b242c7ade9ea043bee11184bd8cb4f1da76832ebc18282eda858", size = 866176, upload-time = "2026-07-13T13:58:11.928Z" },
    { url = "https://files.pythonhosted.org/packages/56/4f/047d131bdea829e147d62526fce45c0ce1abb385ef3a1b8dfc135f5b0016/python_calamine-0.8.2-pp311-pypy311_pp73-macosx_11_0_arm64.whl", hash = "sha256:cd2fe069bd3a7894eb78259252493b1272be5ed82edcc35131565daff8e74758", size = 855816, upload-time = "2026-07-13T13:58:13.785Z" },
    { url = "https://files.pythonhosted.org/packages/3b/23/ae50c3d6bfe8d0e0d2c9fbcc242fa23a0847217bb8316cc7e59f5425fe09/python_calamine-0.8.2-pp311-pypy311_pp73-manylinux_2_17_aarch64.manylinux2014_aarch64.whl", hash = "sha256:8d5ab4a3e6e710d8c77c314a70b0c89e6ccbe934e10fb97f1d5970416ababf5d", size = 929717, upload-time = "2026-07-13T13:58:15.746Z" },
    { url = "https://files.pythonhosted.org/packages/43/fe/0fc0f06d82e8743c8f95cdaada31d7c54b114b787e9577fe319cd6f81c4a/python_calamine-0.8.2-pp311-pypy311_pp73-manylinux_2_17_x86_64.manylinux2014_x86_64.whl", hash = "sha256:8a9fd05a000d4e28ad6cc87f258ea46681c24568c2738cda24ec44fae9aa20a3", size = 928256, upload-time = "2026-07-13T13:58:17.578Z" },
    { url = "https://files.pythonhosted.org/packages/59/e0/db2a1b9fc7d2bdd8300a376c16f45edb16049eeb151a59bf04ac6cc80ad7/python_calamine-0.8.2-pp311-pypy311_pp73-manylinux_2_5_i686.manylinux1_i686.whl", hash = "sha256:4f4323d0f05be5f729fa8c165bdc6f19c89114f538ab994f0de5da90adc05302", size = 1006762, upload-time = "2026-07-13T13:58:19.55Z" },
    { url = "https://files.pythonhosted.org/packages/5d/f6/7e1b30dad9a0bb18d71bb4ebffab46fc835711e07450b40c987825315d7c/python_calamine-0.8.2-pp311-pypy311_pp73-musllinux_1_1_aarch64.whl", hash = "sha256:e38b7285af2e7e7628173754671feffecdc9705f007fd3b01b6a899be61a4be8", size = 1106333, upload-time = "2026-07-13T13:58:21.384Z" },
    { url = "https://files.pythonhosted.org/packages/3c/a8/7a3ad60bff627d81f74ba9e552c86d8821fcdd4f24b67511487c1e578eb5/python_calamine-0.8.2-pp311-pypy311_pp73-musllinux_1_1_armv7l.whl", hash = "sha256:c5cfc20448c5fcfee42d26e70bb9416892b1b26aad9fd7126de31cceb13826a3", size = 1199755, upload-time = "2026-07-13T13:58:23.35Z" },
    { url = "https://files.pythonhosted.org/packages/80/a2/7d953a413905314ef2d03f9b6d552f7f8685fb28a175905b0de51d03b94c/python_calamine-0.8.2-pp311-pypy311_pp73-musllinux_1_1_x86_64.whl", hash = "sha256:9b5fc52cc2fb496c038781ad6ca86d5017a615075ae04a45c7de6160bfe4beb9", size = 1145928, upload-time = "2026-07-13T13:58:25.242Z" },
]
