version = 1
revision = 3
requires-python = "==3.11.*"

[[package]]
name = "beautifulsoup4"
version = "4.15.0"
source = { registry = "https://pypi.org/simple" }
dependencies = [
    { name = "soupsieve" },
    { name = "typing-extensions" },
]
sdist = { url = "https://files.pythonhosted.org/packages/43/65/318323f98dbee45d42dff61d8f047181bc6f2268a9068cfad035a46be5af/beautifulsoup4-4.15.0.tar.gz", hash = "sha256:288e3ca7d54b06f2ac191970bc275c1939cb46d450b255bf6718b04aa37ab4f7", size = 632571, upload-time = "2026-06-07T16:44:20.453Z" }
wheels = [
    { url = "https://files.pythonhosted.org/packages/88/c6/92fcd42f1ba33e1184263f25bfabf3d27c383410470f169e4b8163bf9c17/beautifulsoup4-4.15.0-py3-none-any.whl", hash = "sha256:d6f88de62e1d4e38ecb1077eb9724cd0eff29d2a08ca16a401e9b9e93f117cf9", size = 109924, upload-time = "2026-06-07T16:44:21.566Z" },
]

[[package]]
name = "chongzu"
version = "0.1.0.dev0"
source = { editable = "." }
dependencies = [
    { name = "duckdb" },
    { name = "img2table" },
    { name = "polars" },
    { name = "pymupdf" },
    { name = "python-calamine" },
]

[package.dev-dependencies]
dev = [
    { name = "pytest" },
]

[package.metadata]
requires-dist = [
    { name = "duckdb", specifier = "==1.5.5" },
    { name = "img2table", specifier = "==2.0.0" },
    { name = "polars", specifier = "==1.44.1" },
    { name = "pymupdf", specifier = "==1.28.2" },
    { name = "python-calamine", specifier = "==0.8.2" },
]

[package.metadata.requires-dev]
dev = [{ name = "pytest", specifier = "==8.4.2" }]

[[package]]
name = "colorama"
version = "0.4.6"
source = { registry = "https://pypi.org/simple" }
sdist = { url = "https://files.pythonhosted.org/packages/d8/53/6f443c9a4a8358a93a6792e2acffb9d9d5cb0a5cfd8802644b7b1c9a02e4/colorama-0.4.6.tar.gz", hash = "sha256:08695f5cb7ed6e0531a20572697297273c47b8cae5a63ffc6d6ed5c201be6e44", size = 27697, upload-time = "2022-10-25T02:36:22.414Z" }
wheels = [
    { url = "https://files.pythonhosted.org/packages/d1/d6/3965ed04c63042e047cb6a3e6ed1a63a35087b6a609aa3a15ed8ac56c221/colorama-0.4.6-py2.py3-none-any.whl", hash = "sha256:4f1d9991f5acc0ca119f9d443620b77f9d6b33703e51011c16baf57afb285fc6", size = 25335, upload-time = "2022-10-25T02:36:20.889Z" },
]

[[package]]
name = "duckdb"
version = "1.5.5"
source = { registry = "https://pypi.org/simple" }
sdist = { url = "https://files.pythonhosted.org/packages/7d/19/e57151753576373c6696a12022648546cca6038e8833fda2908ee2342d9b/duckdb-1.5.5.tar.gz", hash = "sha256:72f33ee57ca7595b23957671a2cc7f7fe2be0ecc2d68f63abedcfcaa3a5c1238", size = 18066741, upload-time = "2026-07-22T10:55:17.819Z" }
wheels = [
    { url = "https://files.pythonhosted.org/packages/9c/c2/b62ec24d57bb8df4e24b0b58f7f8facb32f5fdb9f1895aed9e9fcdded168/duckdb-1.5.5-cp311-cp311-macosx_10_9_universal2.whl", hash = "sha256:1b543841b0ae18a9c982345cfa3987e9c065d3a4b0f067daa473d92d1e65f528", size = 32708371, upload-time = "2026-07-22T10:53:41.642Z" },
    { url = "https://files.pythonhosted.org/packages/8a/ce/769171ba45f0b73632dc3bc3108d891e81dd6c6bbfba630a34a75b4dcc0f/duckdb-1.5.5-cp311-cp311-macosx_10_9_x86_64.whl", hash = "sha256:1a925d06c2a4c3b64553d6cc1aced5028d376d4479bed689a7d47e9b1dccd80a", size = 17343979, upload-time = "2026-07-22T10:53:44.951Z" },
    { url = "https://files.pythonhosted.org/packages/46/59/a8e3384ee916e00d5dcf985194c1511d61978540778a1e96fa47f9fb3e0d/duckdb-1.5.5-cp311-cp311-macosx_11_0_arm64.whl", hash = "sha256:0c42757cb34722144bd4dfb94b6f336339e7b2468f6813fa7fa9a319ba07bab4", size = 15493704, upload-time = "2026-07-22T10:53:47.912Z" },
    { url = "https://files.pythonhosted.org/packages/6f/1d/9840179c2607b90523a2884a129c4d4e6dbdc1178ba62a976c1043beba88/duckdb-1.5.5-cp311-cp311-manylinux_2_26_aarch64.manylinux_2_28_aarch64.whl", hash = "sha256:2e72f9e1a4f90a5c8483ad4d540e495bf0834ba61c360b52499a573d7ed62a3f", size = 19366574, upload-time = "2026-07-22T10:53:51.876Z" },
    { url = "https://files.pythonhosted.org/packages/b5/55/f9641a4eebcc2f4df631287d6c3b9ed2eea3b92644f93acbad825e3972b6/duckdb-1.5.5-cp311-cp311-manylinux_2_26_x86_64.manylinux_2_28_x86_64.whl", hash = "sha256:b9b6f86ed85d4ef5e0211eaebf75d057bd8bb520bba438a95dd0f4e42234bbfe", size = 21477952, upload-time = "2026-07-22T10:53:55.575Z" },
    { url = "https://files.pythonhosted.org/packages/3c/3a/07c3556e37a5c97b95917b029c8fdde4a25fbd76a660bacdac195cf20dcb/duckdb-1.5.5-cp311-cp311-win_amd64.whl", hash = "sha256:9f4287f97ccf0c1f3d471e7115be2b067cbf99627e2d34bffd462dd64703cddc", size = 13156986, upload-time = "2026-07-22T10:53:58.823Z" },
    { url = "https://files.pythonhosted.org/packages/4f/ff/07b48eef2078ca033847e9caa46cc7633b714c5f91ad1ce091c8ca89d792/duckdb-1.5.5-cp311-cp311-win_arm64.whl", hash = "sha256:179633a3fc6296c75d57c69c1e239fa9e5cdcb670fd1dbff88a02663f932905c", size = 14001317, upload-time = "2026-07-22T10:54:01.724Z" },
]

[[package]]
name = "img2table"
version = "2.0.0"
source = { registry = "https://pypi.org/simple" }
dependencies = [
    { name = "beautifulsoup4" },
    { name = "numpy" },
    { name = "opencv-contrib-python" },
    { name = "pypdfium2" },
    { name = "xlsxwriter" },
]
sdist = { url = "https://files.pythonhosted.org/packages/64/3a/3f787fe41f620200273cb6faf46ba9054eafb60a37472407c33a04adadcd/img2table-2.0.0.tar.gz", hash = "sha256:584334b46c898d733a2a44941df96bed2fefb2cd5e89ae57830614e6119be06f", size = 5236202, upload-time = "2026-05-10T20:02:05.527Z" }
wheels = [
    { url = "https://files.pythonhosted.org/packages/df/6d/3c0551833b4fd14f913fed467eebd6530e1f9acfa5750995b19718704219/img2table-2.0.0-cp311-cp311-macosx_10_9_x86_64.whl", hash = "sha256:296ca85b82f364ca7f2ce5ae3727b53a3cb08b641d432ef58a9d951591c94b00", size = 1243335, upload-time = "2026-05-10T20:01:27.802Z" },
    { url = "https://files.pythonhosted.org/packages/8a/0f/0c564a5deda7dfd19805df79b5b0959c1290d7fb5e985975b5efb07a9536/img2table-2.0.0-cp311-cp311-macosx_11_0_arm64.whl", hash = "sha256:281d64592bdac3d6b01fbe449058d03c08bfe7c09c2e67fcf4dbca57716923e1", size = 1195085, upload-time = "2026-05-10T20:01:29.404Z" },
    { url = "https://files.pythonhosted.org/packages/71/7d/59dac2667d2edb8a4984e6c99583febe975a813b1587b6a5c97a50351f05/img2table-2.0.0-cp311-cp311-manylinux2014_aarch64.manylinux_2_17_aarch64.manylinux_2_28_aarch64.whl", hash = "sha256:edf4c5199d4f8e60b7b8f7b23a3482fcf031bf7248334eb4da7ec25f8c7ec534", size = 3278370, upload-time = "2026-05-10T20:01:31.076Z" },
    { url = "https://files.pythonhosted.org/packages/1a/c9/15999b01e3242b238269229086533b91e587646e0465c0345b41e60679e9/img2table-2.0.0-cp311-cp311-manylinux2014_x86_64.manylinux_2_17_x86_64.manylinux_2_28_x86_64.whl", hash = "sha256:f59259e7e8fc52d74b6ff377318125995dba75acb91c1f7a08d1f27ca5b5e9af", size = 3297640, upload-time = "2026-05-10T20:01:32.453Z" },
    { url = "https://files.pythonhosted.org/packages/3d/f4/98b45b5fbcfce66e6c8e560733d6b62a3cea31f408ea5c26e0238747fc6b/img2table-2.0.0-cp311-cp311-win32.whl", hash = "sha256:f4737df35b2ae2ac3682378fdc0bbd4ddc3daeb6d51807ae041727fd2012b03f", size = 383508, upload-time = "2026-05-10T20:01:34.045Z" },
    { url = "https://files.pythonhosted.org/packages/81/29/f8a2340485edf1e0a86c73098d6363a9fd39bb21af7699682351eee0a7c1/img2table-2.0.0-cp311-cp311-win_amd64.whl", hash = "sha256:40b571764571d883e062d90e8af041abb284d361a8a15dfe3fcc0bbc001c371d", size = 437699, upload-time = "2026-05-10T20:01:35.873Z" },
]

[[package]]
name = "iniconfig"
version = "2.3.0"
source = { registry = "https://pypi.org/simple" }
sdist = { url = "https://files.pythonhosted.org/packages/72/34/14ca021ce8e5dfedc35312d08ba8bf51fdd999c576889fc2c24cb97f4f10/iniconfig-2.3.0.tar.gz", hash = "sha256:c76315c77db068650d49c5b56314774a7804df16fee4402c1f19d6d15d8c4730", size = 20503, upload-time = "2025-10-18T21:55:43.219Z" }
wheels = [
    { url = "https://files.pythonhosted.org/packages/cb/b1/3846dd7f199d53cb17f49cba7e651e9ce294d8497c8c150530ed11865bb8/iniconfig-2.3.0-py3-none-any.whl", hash = "sha256:f631c04d2c48c52b84d0d0549c99ff3859c98df65b3101406327ecc7d53fbf12", size = 7484, upload-time = "2025-10-18T21:55:41.639Z" },
]

[[package]]
name = "numpy"
version = "2.4.6"
source = { registry = "https://pypi.org/simple" }
sdist = { url = "https://files.pythonhosted.org/packages/d0/ad/fed0499ce6a338d2a03ebae59cd15093910c8875328855781952abf6c2fe/numpy-2.4.6.tar.gz", hash = "sha256:f3a3570c4a2a16746ac2c31a7c7c7b0c186b95ce902e33db6f28094ed7387dda", size = 20735807, upload-time = "2026-05-18T23:37:14.07Z" }
wheels = [
    { url = "https://files.pythonhosted.org/packages/b3/49/ec46835a70be8fa6446c495126ac84fdb28cb2558e1620ffb87a10c8b64c/numpy-2.4.6-cp311-cp311-macosx_10_9_x86_64.whl", hash = "sha256:0280e0356c0829a18d9de1cb7eee50ec22ca639878d7240307ca0943d73cd2c4", size = 16969194, upload-time = "2026-05-18T23:33:13.503Z" },
    { url = "https://files.pythonhosted.org/packages/0e/0d/f5957185c0ee2f3e12f78715aa9e3b353fd83633316c8532b38faa37e3f6/numpy-2.4.6-cp311-cp311-macosx_11_0_arm64.whl", hash = "sha256:110f8b71aacb688ec69062bb7f6938a0f8acb01b7c1c4beb453c65b6d234584d", size = 14964111, upload-time = "2026-05-18T23:33:17.795Z" },
    { url = "https://files.pythonhosted.org/packages/ad/40/40a40ee0ddf7ceb782c49af278894b686e586d65d8c1889c8b5da01a3d7d/numpy-2.4.6-cp311-cp311-macosx_14_0_arm64.whl", hash = "sha256:4cfe66903cc32a9921a6733d96b19bb6abf310397581bbad89c228f5abaf0ee8", size = 5469159, upload-time = "2026-05-18T23:33:20.654Z" },
    { url = "https://files.pythonhosted.org/packages/63/13/f9a8046535cb21deae82f8d03de9617e08882d274fad2539630761888228/numpy-2.4.6-cp311-cp311-macosx_14_0_x86_64.whl", hash = "sha256:8155154c7c691289fe18f510b5d4657c68c67989f293f0535a91360392ff6538", size = 6798936, upload-time = "2026-05-18T23:33:22.987Z" },
    { url = "https://files.pythonhosted.org/packages/33/a8/6fa8c1a345a8c85dbb21932c447bee07c30a2c2a3f31e369c0a84b300147/numpy-2.4.6-cp311-cp311-manylinux_2_27_aarch64.manylinux_2_28_aarch64.whl", hash = "sha256:0ab0a9c4ffb1a6d95ef519fe4247dba8eb6b18ad93999f76b7f657039acabd47", size = 15966692, upload-time = "2026-05-18T23:33:26.62Z" },
    { url = "https://files.pythonhosted.org/packages/02/03/74fe2a4cb3817d94d86402f2506554130a2f01414e299b5a843e5a8a957f/numpy-2.4.6-cp311-cp311-manylinux_2_27_x86_64.manylinux_2_28_x86_64.whl", hash = "sha256:89cd468399cfd2504718f0ba50e410dca55a170b61a02ad92bb18c8a65186e93", size = 16918164, upload-time = "2026-05-18T23:33:29.955Z" },
    { url = "https://files.pythonhosted.org/packages/c5/80/3615be3313f7e7696609bc194b9f0101da809df79e859bdb84e0cd043f46/numpy-2.4.6-cp311-cp311-musllinux_1_2_aarch64.whl", hash = "sha256:c2d37ab77531417474168eb79d6d80b14f821a966818505d03013d0833edb7a8", size = 17322877, upload-time = "2026-05-18T23:33:34.724Z" },
    { url = "https://files.pythonhosted.org/packages/ca/ac/a691e0fe2675e370d0e08ff905adc49a1c8830e8cae03efe4477e92cd55d/numpy-2.4.6-cp311-cp311-musllinux_1_2_x86_64.whl", hash = "sha256:f407cb6b8e9d6d8c626bc73c945db1706035af8fd632295547bf1c9e46d092d6", size = 18651487, upload-time = "2026-05-18T23:33:38.217Z" },
    { url = "https://files.pythonhosted.org/packages/15/a7/9bc1cd626d7bf6869bfedf27b91b6ab5dd607758bf8e959d6fa80c6a59cb/numpy-2.4.6-cp311-cp311-win32.whl", hash = "sha256:ddea102b48f9e339f3948bf22040944184627a30fdf7f858667673b9c5f033c8", size = 6233945, upload-time = "2026-05-18T23:33:41.331Z" },
    { url = "https://files.pythonhosted.org/packages/c5/31/7fc6239c12bce7e931463251cca4426c465e1876ba3cc785402ef4dd8f4e/numpy-2.4.6-cp311-cp311-win_amd64.whl", hash = "sha256:1e254a00cdf42b1e4d5b3d68d33af63268d41340d8885df2ab6470f2e1500147", size = 12608406, upload-time = "2026-05-18T23:33:44.131Z" },
    { url = "https://files.pythonhosted.org/packages/27/83/140f85a466595a16382996a1bf06b2b54bcd597488921b0c9daaeeda72af/numpy-2.4.6-cp311-cp311-win_arm64.whl", hash = "sha256:ed9749eef4cbd126da3dc1d6bcb3a57f5eb7ac6a6484146bdbf743f552dfc577", size = 10479528, upload-time = "2026-05-18T23:33:50.725Z" },
    { url = "https://files.pythonhosted.org/packages/de/12/b422cc84439adc0d00de605bf4a308890ae5c26f2c71fbd73e5d08fbb0dd/numpy-2.4.6-pp311-pypy311_pp73-macosx_10_15_x86_64.whl", hash = "sha256:55cced7c52e981362f708ad635198e97a752dfba412cc03c23bbf3bd8d5cd662", size = 16847511, upload-time = "2026-05-18T23:36:50.673Z" },
    { url = "https://files.pythonhosted.org/packages/44/53/f481bef68011740f8849418d82db07230e825013f31f4eef5ba5b805316a/numpy-2.4.6-pp311-pypy311_pp73-macosx_11_0_arm64.whl", hash = "sha256:d6da64deb6b8ed903e7560180a92f2d804ee1ba5eeb849ac2748b8c1aba1f6d7", size = 14889064, upload-time = "2026-05-18T23:36:53.879Z" },
    { url = "https://files.pythonhosted.org/packages/7f/57/42ed575c10ced8af951d426bc4e1f8aff16fd851db33f067036215a7f860/numpy-2.4.6-pp311-pypy311_pp73-macosx_14_0_arm64.whl", hash = "sha256:68a5124b13fa6cc2086764a20005d30bc0548146f7f5322f02fce212ca14317f", size = 5394157, upload-time = "2026-05-18T23:36:57.194Z" },
    { url = "https://files.pythonhosted.org/packages/6a/ef/f66cc724fcc36c1e364c67f51ae9146090b8b584f27d58b97fdae3edd737/numpy-2.4.6-pp311-pypy311_pp73-macosx_14_0_x86_64.whl", hash = "sha256:948424b06129ce883307e8cff868c31396d8dc7630a59c61d70d98dbe70f222c", size = 6708728, upload-time = "2026-05-18T23:36:59.575Z" },
    { url = "https://files.pythonhosted.org/packages/1a/9c/c531f2293b91265d8b48e9b329f54fdd7ffae73cb4134ea10cca4237e9cc/numpy-2.4.6-pp311-pypy311_pp73-manylinux_2_27_aarch64.manylinux_2_28_aarch64.whl", hash = "sha256:5dbbdb29840ca3d91ee0fece42fc29278886d908280bfec0a5846c6f901a3eb0", size = 15798374, upload-time = "2026-05-18T23:37:02.674Z" },
    { url = "https://files.pythonhosted.org/packages/1a/b0/413077f6b1153ed3cba361401c6783bbad6114804a000cc22eb71c13e190/numpy-2.4.6-pp311-pypy311_pp73-manylinux_2_27_x86_64.manylinux_2_28_x86_64.whl", hash = "sha256:8ad03c0965fb3c692200e74d458ca28c1dbb4ce96f9a479a8aa041ad5fabca02", size = 16747286, upload-time = "2026-05-18T23:37:06.327Z" },
    { url = "https://files.pythonhosted.org/packages/15/ce/e5ec180bc41812edcd8daeb8639d205622c0e8c02259d8ab25a0201b3c2a/numpy-2.4.6-pp311-pypy311_pp73-win_amd64.whl", hash = "sha256:2803abfebfc990042cd494d8ce2d5f82e9d847af6d35ec486923aa19dbad5e73", size = 12504263, upload-time = "2026-05-18T23:37:09.715Z" },
]

[[package]]
name = "opencv-contrib-python"
version = "5.0.0.93"
source = { registry = "https://pypi.org/simple" }
dependencies = [
    { name = "numpy" },
]
sdist = { url = "https://files.pythonhosted.org/packages/89/e8/7882cbecf8c81129b0b808690cac9ba3015b0ced02ab329bf4a781c7f8ca/opencv_contrib_python-5.0.0.93.tar.gz", hash = "sha256:da0ba61096b08c63cb4440d8fd6f323835cbb78b714c5ba22a39e1db68c83166", size = 154110105, upload-time = "2026-07-02T06:57:59.097Z" }
wheels = [
    { url = "https://files.pythonhosted.org/packages/f7/5c/ca1c31afec1a1dc3ff6e1cc94091ac288d0fa8663567398809372fec73b9/opencv_contrib_python-5.0.0.93-cp37-abi3-macosx_13_0_arm64.whl", hash = "sha256:3ebb8e0506573f36f54038116321a086c97aeda8ef154198931f3ea18b435cc7", size = 55653098, upload-time = "2026-07-02T05:50:29.816Z" },
    { url = "https://files.pythonhosted.org/packages/9c/5f/1ec2b7bc3a2ef169f9acd643c7279bc3208a83240f03ba7fe4e12683272c/opencv_contrib_python-5.0.0.93-cp37-abi3-macosx_14_0_x86_64.whl", hash = "sha256:45a1ce7c68828907348e649edd471a7dc5244d3d0ac21989e67c63d2f4fa629a", size = 42828002, upload-time = "2026-07-02T05:51:35.32Z" },
    { url = "https://files.pythonhosted.org/packages/73/76/011d759d3c8f2a43e8a435d1e39be4a24ed9fb8c14d6c610d72b9ac2124e/opencv_contrib_python-5.0.0.93-cp37-abi3-manylinux2014_aarch64.manylinux_2_17_aarch64.whl", hash = "sha256:cac609c9a4fce67feb287837c671a2c4da9467df8e47fa0cce7bdc453d12a529", size = 57890569, upload-time = "2026-07-02T06:49:13.356Z" },
    { url = "https://files.pythonhosted.org/packages/60/82/e82b0e3b02617af8bcaff0ff29c75992e916dc7b34daaaef3e0f805967de/opencv_contrib_python-5.0.0.93-cp37-abi3-manylinux2014_x86_64.manylinux_2_17_x86_64.whl", hash = "sha256:29b916da864002a921c79b6df4cfb2dcf79870f166ddf3ce1179b558bc7313d7", size = 79172364, upload-time = "2026-07-02T06:49:44.204Z" },
    { url = "https://files.pythonhosted.org/packages/71/dc/85ed9767f52425dc811a3a8288d2c643cc0c1341a3b4bdd3166410c77669/opencv_contrib_python-5.0.0.93-cp37-abi3-manylinux_2_28_aarch64.whl", hash = "sha256:b84f0b0fcdbd2421b5819e517542463e71eed7f41e0a0c4ec280ed88b7269a66", size = 57856049, upload-time = "2026-07-02T06:50:07.911Z" },
    { url = "https://files.pythonhosted.org/packages/8b/39/f87d154d2dca8e9815ca9e4f925aee41e5931162da730d17f3200e7786f3/opencv_contrib_python-5.0.0.93-cp37-abi3-manylinux_2_28_x86_64.whl", hash = "sha256:8427dcb0561dc3ba32f3771c627f52b87c29932c265bea28ffcb54804c3c3fec", size = 82057630, upload-time = "2026-07-02T06:50:54.022Z" },
    { url = "https://files.pythonhosted.org/packages/25/6d/31fee2843aef301252f6fa54bafe6bc2500fab80b152c5850ed3cbc2b7ef/opencv_contrib_python-5.0.0.93-cp37-abi3-win32.whl", hash = "sha256:dd8a80a04a8610c033757135b7846ad2027ba2d3bf9faf2f83f3dc6ed9e3814a", size = 44362046, upload-time = "2026-07-02T05:50:05.275Z" },
    { url = "https://files.pythonhosted.org/packages/09/29/6985260569ee3c7f6fcae252bc06e2a843e5b90eed665a2936bdd26fa283/opencv_contrib_python-5.0.0.93-cp37-abi3-win_amd64.whl", hash = "sha256:461622db95c964652d4d8fda171034961c3de270f78a6095aaad31050771774a", size = 53822579, upload-time = "2026-07-02T05:50:02.092Z" },
]

[[package]]
name = "packaging"
version = "26.3"
source = { registry = "https://pypi.org/simple" }
sdist = { url = "https://files.pythonhosted.org/packages/7d/fa/3944b40b07da9ce895c0e6303a5ab7d53da063554f534556b134a54d6093/packaging-26.3.tar.gz", hash = "sha256:94edc256424af38762eb31306eed28beb9f0efc50a8837492c9d6fd6004aed79", size = 313412, upload-time = "2026-08-04T18:15:28.737Z" }
wheels = [
    { url = "https://files.pythonhosted.org/packages/63/34/ba1c580383c9eada3711951fef0795c80b829a078d72188184bcab9dd527/packaging-26.3-py3-none-any.whl", hash = "sha256:d7193f7c8e4e93f444fde0262bf90af30e16fa0ad0ad44cb553c87339b23cd1c", size = 129956, upload-time = "2026-08-04T18:15:27.159Z" },
]

[[package]]
name = "pluggy"
version = "1.6.0"
source = { registry = "https://pypi.org/simple" }
sdist = { url = "https://files.pythonhosted.org/packages/f9/e2/3e91f31a7d2b083fe6ef3fa267035b518369d9511ffab804f839851d2779/pluggy-1.6.0.tar.gz", hash = "sha256:7dcc130b76258d33b90f61b658791dede3486c3e6bfb003ee5c9bfb396dd22f3", size = 69412, upload-time = "2025-05-15T12:30:07.975Z" }
wheels = [
    { url = "https://files.pythonhosted.org/packages/54/20/4d324d65cc6d9205fabedc306948156824eb9f0ee1633355a8f7ec5c66bf/pluggy-1.6.0-py3-none-any.whl", hash = "sha256:e920276dd6813095e9377c0bc5566d94c932c33b27a3e3945d8389c374dd4746", size = 20538, upload-time = "2025-05-15T12:30:06.134Z" },
]

[[package]]
name = "polars"
version = "1.44.1"
source = { registry = "https://pypi.org/simple" }
dependencies = [
    { name = "polars-runtime-32" },
]
sdist = { url = "https://files.pythonhosted.org/packages/26/73/258a1fe17bb2744a507199566ed712663144fdd0811b615b59a47dfa38d2/polars-1.44.1.tar.gz", hash = "sha256:ef3c89e9ebbbe8eb343c06873f1945683f8b6f97a1bdf001c60551c6c5e3cda1", size = 765660, upload-time = "2026-08-26T07:09:12.704Z" }
wheels = [
    { url = "https://files.pythonhosted.org/packages/3a/f1/59154659081930fbde291ea6225607956b500a71b0ce45d88217b7d32da2/polars-1.44.1-py3-none-any.whl", hash = "sha256:1fa62fc1c88fba77a68b28291b5aabdd69e5f38b34e59721a064ae3169b59bb5", size = 865208, upload-time = "2026-08-26T07:07:44.646Z" },
]

[[package]]
name = "polars-runtime-32"
version = "1.44.1"
source = { registry = "https://pypi.org/simple" }
sdist = { url = "https://files.pythonhosted.org/packages/fd/b2/2a76415d047a45df05489f2334c91ff120a274cf655d4ca030c7f54a8743/polars_runtime_32-1.44.1.tar.gz", hash = "sha256:abd10a54ed1caff42228610fcba0f93251f9870bd7cffb0c78bc26f5e0718ce4", size = 3171156, upload-time = "2026-08-26T07:09:14.243Z" }
wheels = [
    { url = "https://files.pythonhosted.org/packages/f1/93/ef9344dcec16757cf21027dc907ef989197e50742cfe4407f2e87edb0a7f/polars_runtime_32-1.44.1-cp310-abi3-macosx_10_12_x86_64.whl", hash = "sha256:1dfccb2b52aa50468a7d28e3e61c8338a13fb5bffc8646e388a649f5bdc6b463", size = 53962370, upload-time = "2026-08-26T07:07:47.21Z" },
    { url = "https://files.pythonhosted.org/packages/10/da/38b32b7901af33f1fee2172ceaa39e9159825657920064298917392d78fa/polars_runtime_32-1.44.1-cp310-abi3-macosx_11_0_arm64.whl", hash = "sha256:0580807dc3eed258f0db70bb65d905dd43f0135392119ec25308033ae24258fb", size = 48620468, upload-time = "2026-08-26T07:07:50.436Z" },
    { url = "https://files.pythonhosted.org/packages/49/51/185af877d1d2236671493cf72bd3327a6046240eeea69c0696d1af2a5acb/polars_runtime_32-1.44.1-cp310-abi3-manylinux_2_17_aarch64.manylinux2014_aarch64.whl", hash = "sha256:0627f9aa82cb869725235e5188f698862fd9ada0c8c1cf65c3dc5a49a4a0ec26", size = 52455947, upload-time = "2026-08-26T07:07:53.776Z" },
    { url = "https://files.pythonhosted.org/packages/fc/0a/0858f60cb5a6f8f73ec4cdd73eccd9f748d66bfc23304c5c23fa3468094a/polars_runtime_32-1.44.1-cp310-abi3-manylinux_2_17_x86_64.manylinux2014_x86_64.whl", hash = "sha256:eea4283be8e60822d890dbda20588fe59b4172b508bd5ebf3471e531ca9f50d7", size = 58561262, upload-time = "2026-08-26T07:07:57.508Z" },
    { url = "https://files.pythonhosted.org/packages/73/08/de4774b5612d7c8739f89ac01b601486b4f057b1da35a5b876bf9276fd95/polars_runtime_32-1.44.1-cp310-abi3-musllinux_1_2_aarch64.whl", hash = "sha256:04e2c0f46e7a9906fffb1897f18f23b079b74f83c56b50060bace9e7b9b49b1a", size = 52636064, upload-time = "2026-08-26T07:08:06.337Z" },
    { url = "https://files.pythonhosted.org/packages/98/ac/769c598dd106e2a6647798da3ed25ddeee67f2d12c04f5da316cb3da6360/polars_runtime_32-1.44.1-cp310-abi3-musllinux_1_2_x86_64.whl", hash = "sha256:0956f0cae632d8fad3a04b4315bf2bb69b56d10c83c79a75c2c4c5a13b9ce5cc", size = 56447612, upload-time = "2026-08-26T07:08:12.36Z" },
    { url = "https://files.pythonhosted.org/packages/b2/ee/98408296e15388020b6183323fdbe78ccab4f72c20d8e0d7092c062d3ad2/polars_runtime_32-1.44.1-cp310-abi3-win_amd64.whl", hash = "sha256:159334184e6fbb074c9f4692221ea19970a5e2bed2a479f9d7bdb00b7f3eedb9", size = 53702970, upload-time = "2026-08-26T07:08:15.398Z" },
    { url = "https://files.pythonhosted.org/packages/e9/9d/8b17e075aac73c881a50b6c1f690d20df46db2f3bcabc99f600ecdee1290/polars_runtime_32-1.44.1-cp310-abi3-win_arm64.whl", hash = "sha256:3ba28d638d0513e0b4afbcdab5c0059a85021e5f81d62b5f793e7e23badb2cf7", size = 47281050, upload-time = "2026-08-26T07:08:18.43Z" },
]

[[package]]
name = "pygments"
version = "2.21.0"
source = { registry = "https://pypi.org/simple" }
sdist = { url = "https://files.pythonhosted.org/packages/49/2e/ced460408999b33da6b31b0021b0f37d329e202d4169aeb164493778f25b/pygments-2.21.0.tar.gz", hash = "sha256:610ca751c9bc2492b38eb9a38a7fbc93edbbb2d7182edaf34e66ae493dee5c8c", size = 5005329, upload-time = "2026-08-17T08:02:48.824Z" }
wheels = [
    { url = "https://files.pythonhosted.org/packages/71/46/17f022dd3e953bf20a04a028a21ec746d942f8d2af30fa0f124fa0e6a684/pygments-2.21.0-py3-none-any.whl", hash = "sha256:2363c69b61c4a97c838da3b130dcd6468f4848992b21a82f2a63ec34377137d9", size = 1250147, upload-time = "2026-08-17T08:02:44.912Z" },
]

[[package]]
name = "pymupdf"
version = "1.28.2"
source = { registry = "https://pypi.org/simple" }
sdist = { url = "https://files.pythonhosted.org/packages/a3/fb/b6761fa2d5266f2cdb24c3b91f4023070ab7848381417678e7a289a1d52a/pymupdf-1.28.2.tar.gz", hash = "sha256:5e0be7908a715aa20333caddd73f1d6f01e4cd0c26e869fa2dd0b7f344da2249", size = 87903557, upload-time = "2026-08-06T21:43:23.321Z" }
wheels = [
    { url = "https://files.pythonhosted.org/packages/b4/51/550c9a75c4ff3245cb4ecb7bb95cbe2ab7374230b8e2b7a1f7259444150b/pymupdf-1.28.2-cp310-abi3-macosx_10_15_x86_64.whl", hash = "sha256:5fc315b425ff1f7afdd1ea2f348205cb19b806767daae7ce4d64115799c2bae1", size = 24645079, upload-time = "2026-08-06T21:37:25.001Z" },
    { url = "https://files.pythonhosted.org/packages/fa/01/3591f781b417b382a8487a2356e927acfe858b1043bab0ec47f6805bb109/pymupdf-1.28.2-cp310-abi3-macosx_11_0_arm64.whl", hash = "sha256:7113846b35dbf0a033f088e4f4fb543dabeb4b0b12c112966a1ca1ee2d5eacae", size = 23875605, upload-time = "2026-08-06T21:37:40.369Z" },
    { url = "https://files.pythonhosted.org/packages/d2/86/4a68f080b71b46802178346af46486e1697508e760855ff5f3b218a6dff7/pymupdf-1.28.2-cp310-abi3-manylinux_2_28_aarch64.whl", hash = "sha256:3050a233dde1211efe89ada74e2add6238436434159f46097a1423aad2842545", size = 25095554, upload-time = "2026-08-06T21:37:58.485Z" },
    { url = "https://files.pythonhosted.org/packages/c7/06/dace3e27af26690cb20bead80dbac42941b0841eb689b8aabbd67dde16f0/pymupdf-1.28.2-cp310-abi3-manylinux_2_28_x86_64.whl", hash = "sha256:397d6715c1f0df7548a92d0afd8ce370fc48fa47aeefac16be2bc04a16a8227f", size = 25762500, upload-time = "2026-08-06T21:38:17.438Z" },
    { url = "https://files.pythonhosted.org/packages/e5/61/4146dfa1d8172a1ce8d59f0eed94896ddefb8deb2274534d0522fbb8abf5/pymupdf-1.28.2-cp310-abi3-musllinux_1_2_x86_64.whl", hash = "sha256:f89fb2d86d07d643a269f17a093105057e20c79c1d06c103b53600067b6d2b01", size = 25986309, upload-time = "2026-08-06T21:38:35.472Z" },
    { url = "https://files.pythonhosted.org/packages/52/60/1fb6e64676f7500ebe89054b9e5bbbe14d3101c92d5f1a40ac9a35227673/pymupdf-1.28.2-cp310-abi3-win32.whl", hash = "sha256:530ef543a3885b3b81cb72a854e7c5a625a9233201221132bb6c31698c6a2bdb", size = 18525353, upload-time = "2026-08-06T21:38:47.697Z" },
    { url = "https://files.pythonhosted.org/packages/4a/61/d563bbccba262f9dd6d2d35ccb72593648184d886188efb12d9ce8f34dd6/pymupdf-1.28.2-cp310-abi3-win_amd64.whl", hash = "sha256:ebd244918798502d7b4504c90410d1711a4d7675a32584ca30f1bab419ecbffe", size = 19826532, upload-time = "2026-08-06T21:39:00.213Z" },
    { url = "https://files.pythonhosted.org/packages/e2/93/08f404a1f0155fe24137cf2d3aabd3e2b4b08c62053ed89c60f2611be3e9/pymupdf-1.28.2-cp310-abi3-win_arm64.whl", hash = "sha256:ffe91a24edc75c80da2a4b62f50fc0f54632d34fc8fe4cbc48e5c7ff07cf8fb4", size = 19759252, upload-time = "2026-08-06T21:39:12.937Z" },
    { url = "https://files.pythonhosted.org/packages/58/8c/d897dcd32a25b58186c968b15ce4324ca029e9d96460de12325314e390be/pymupdf-1.28.2-cp313-abi3-pyemscripten_2025_0_wasm32.whl", hash = "sha256:2e1b574c0fd2cb238021033fd3c0f9c4388816638df064e4bfb56d9d81736dc8", size = 18399403, upload-time = "2026-08-06T21:39:25.008Z" },
]

[[package]]
name = "pypdfium2"
version = "5.13.0"
source = { registry = "https://pypi.org/simple" }
sdist = { url = "https://files.pythonhosted.org/packages/ec/78/a52cb80611339ec95f35c7a10d7bfe7a6f97f3b50a35a9f94283d062512e/pypdfium2-5.13.0.tar.gz", hash = "sha256:7ca2d8e31bd8d0d40c496416b7d8bea423388669ffd494929f50e8c3a82326b8", size = 273639, upload-time = "2026-08-13T10:58:15.837Z" }
wheels = [
    { url = "https://files.pythonhosted.org/packages/7c/9c/a49050af85055054299c7fab658ac63f8fddde575774aecbf8f71c7a9e5f/pypdfium2-5.13.0-py3-none-android_23_arm64_v8a.whl", hash = "sha256:882f4bbd4b17a335b43603169a14cde9341de12b238acd5c39e690cbca7c4293", size = 3417299, upload-time = "2026-08-13T10:57:40.522Z" },
    { url = "https://files.pythonhosted.org/packages/50/ad/f23027328843ee2bdd05afe16bb101f5906befd0c70de35fa8c53f60a5ff/pypdfium2-5.13.0-py3-none-android_23_armeabi_v7a.whl", hash = "sha256:d96929bde3bd64c771ab3558ca1ffd7704cc4d872ab92cd9f8f8b8a20f7f36b8", size = 2864708, upload-time = "2026-08-13T10:57:42.259Z" },
    { url = "https://files.pythonhosted.org/packages/08/99/1fe58428b69d2722dcbcfaa08ce71834a332c5b518fd58874bcef936b823/pypdfium2-5.13.0-py3-none-macosx_13_0_arm64.whl", hash = "sha256:da5c7b74eebf40b5c1fbe1de01aa1edc8827a79fb1efd999616bc20dcaf77ba4", size = 3507415, upload-time = "2026-08-13T10:57:43.978Z" },
    { url = "https://files.pythonhosted.org/packages/9f/41/06e26da88a4f5b4ed289325868717a186020661b7b221aa6df622711d31b/pypdfium2-5.13.0-py3-none-macosx_13_0_x86_64.whl", hash = "sha256:2abedfb5c70992b19c780ed58d7f7b929e8ce8ee52c9140158f44317c90ec6c7", size = 3670979, upload-time = "2026-08-13T10:57:45.607Z" },
    { url = "https://files.pythonhosted.org/packages/fe/31/f8210d53775f142be934336665b1d60e800c3f176f28c29b4908d945c518/pypdfium2-5.13.0-py3-none-manylinux_2_17_aarch64.manylinux2014_aarch64.whl", hash = "sha256:9ee8c2bb2e68b396ab4a763215ac100dacb6b96d0da5bebeb239a021aecc3a7e", size = 3676486, upload-time = "2026-08-13T10:57:47.267Z" },
    { url = "https://files.pythonhosted.org/packages/94/50/d339fa09fbe592564b100bfc76833170a1104a764a458ac2abfffcb632f2/pypdfium2-5.13.0-py3-none-manylinux_2_17_armv7l.manylinux2014_armv7l.whl", hash = "sha256:07f58e91b8c45ca144a1ff3008faf3c73ef8a5e9fb32988831788363288228cd", size = 3400883, upload-time = "2026-08-13T10:57:49.189Z" },
    { url = "https://files.pythonhosted.org/packages/c3/e0/b10cf41b5e9f0212d014c40635659c6ab95bb4fcc6fc47f5d3c571f8d57f/pypdfium2-5.13.0-py3-none-manylinux_2_17_i686.manylinux2014_i686.whl", hash = "sha256:46b2f5be9e7ae941ee4216e3d20b66f9dc3d81944a3d57756272de5275204709", size = 3803912, upload-time = "2026-08-13T10:57:50.865Z" },
    { url = "https://files.pythonhosted.org/packages/a7/d8/25ba4ce9a9059ece82f4514df0658fde0aa9bbeafe135e76017c052bf56f/pypdfium2-5.13.0-py3-none-manylinux_2_17_ppc64le.manylinux2014_ppc64le.whl", hash = "sha256:d96beb7f379e6c76d874ca93fcd182ac3168dd499056407070f9927fb1061b8e", size = 4218231, upload-time = "2026-08-13T10:57:52.525Z" },
    { url = "https://files.pythonhosted.org/packages/d3/7c/74a2fb48e5b0d2402d9ca64b39074c722d67e9a8a2c58449a843a8c2329a/pypdfium2-5.13.0-py3-none-manylinux_2_17_x86_64.manylinux2014_x86_64.whl", hash = "sha256:81df25c1ab4c13ff773102d3cbea1967511d079123b067fc077bd0c4d57d91d8", size = 3730077, upload-time = "2026-08-13T10:57:54.021Z" },
    { url = "https://files.pythonhosted.org/packages/59/12/8c922f00518c26dc47d3676cc09c1d3c95e991c1977e31067d23cc2215cb/pypdfium2-5.13.0-py3-none-manylinux_2_27_s390x.manylinux_2_28_s390x.whl", hash = "sha256:d66a32d89fa5b4a2715810171239eb194df4aba604727483ab760512f3c6a851", size = 4031512, upload-time = "2026-08-13T10:57:55.736Z" },
    { url = "https://files.pythonhosted.org/packages/c6/48/a171d034c2dac01adcc57d3dad3c97ba11f19d916f421176002c9e02c904/pypdfium2-5.13.0-py3-none-manylinux_2_34_riscv64.manylinux_2_39_riscv64.whl", hash = "sha256:b90b0a5ac310bb34db8eb848e58fcab4e201e124e3cf3cb1ccb7b85293e034af", size = 3995485, upload-time = "2026-08-13T10:57:57.39Z" },
    { url = "https://files.pythonhosted.org/packages/36/2e/dcb24776d409bb9e5b7fb26a0c62a87b98ab0e30dfcca645eaf31e35123b/pypdfium2-5.13.0-py3-none-musllinux_1_2_aarch64.whl", hash = "sha256:ada81c36483cd61d07e32bc7814620ee96256b4f421b913f566861bf91800248", size = 5016636, upload-time = "2026-08-13T10:57:59.181Z" },
    { url = "https://files.pythonhosted.org/packages/93/24/1fab8470fc6de6f4481f009c90757b1a1ee0a61d8e864ed273f72ffca855/pypdfium2-5.13.0-py3-none-musllinux_1_2_armv7l.whl", hash = "sha256:3826e521e895648983cb9ee6b934d4bf51552600043984f84e9c2b3b14b696f3", size = 4555251, upload-time = "2026-08-13T10:58:00.753Z" },
    { url = "https://files.pythonhosted.org/packages/cd/ef/6e8dbea1eddcb55cf34172753ffccd39566333c803cc94d43c653f369f2f/pypdfium2-5.13.0-py3-none-musllinux_1_2_i686.whl", hash = "sha256:5c029d7163a91f264eafab51fb442a84a33efd9fd83d5a06c0136a7857a3cc8d", size = 5263483, upload-time = "2026-08-13T10:58:02.48Z" },
    { url = "https://files.pythonhosted.org/packages/53/fe/2ff673730189a621c01f9193c74b0f6aa70d8740889fdf11949e1c541869/pypdfium2-5.13.0-py3-none-musllinux_1_2_ppc64le.whl", hash = "sha256:be2dccbde0ce7efe334ecd8f348df4308db360756ede4f0821d82dfc9a58caa8", size = 5144135, upload-time = "2026-08-13T10:58:04.351Z" },
    { url = "https://files.pythonhosted.org/packages/19/0b/759b9037c007317fa5c990dd3f6eff2b99d3fbced251d1e2512be92f2e2e/pypdfium2-5.13.0-py3-none-musllinux_1_2_riscv64.whl", hash = "sha256:bcd81394fe101405e026eedb3e40bef84635c1e5d974dd6036420eb6937753c6", size = 4648156, upload-time = "2026-08-13T10:58:06.036Z" },
    { url = "https://files.pythonhosted.org/packages/db/3b/ffe29679c52efe8eb02d77aa6656e6d6201395423329af018ebd5923a3d0/pypdfium2-5.13.0-py3-none-musllinux_1_2_s390x.whl", hash = "sha256:2ed32ff685f8e05e637c990bedbf5fca66727bf27718d8bc33eeab21ce0630d1", size = 5089852, upload-time = "2026-08-13T10:58:07.791Z" },
    { url = "https://files.pythonhosted.org/packages/7b/b6/cebacc1601ddfdcd1e6a1dc321533d215ceccf9b825fa9b91b11c6dc39fb/pypdfium2-5.13.0-py3-none-musllinux_1_2_x86_64.whl", hash = "sha256:9c777edba28d1d5fd15435ed3a78ee2fdb93dd069be37cb53b559bc122793770", size = 5074153, upload-time = "2026-08-13T10:58:09.396Z" },
    { url = "https://files.pythonhosted.org/packages/54/40/cf14c4f534f817788966857afdedb90002198dca5ce4fe2c6ecb031955ae/pypdfium2-5.13.0-py3-none-win32.whl", hash = "sha256:d33ee7077db67478b75efe4b5ea9610fb96c5416a0bc4949227f0f59c34dfcd9", size = 3753164, upload-time = "2026-08-13T10:58:10.97Z" },
    { url = "https://files.pythonhosted.org/packages/5d/99/a37b6b902457569468ed5908c94e56cb6c4032541f02cf89f723d42a9148/pypdfium2-5.13.0-py3-none-win_amd64.whl", hash = "sha256:47dcca2a8d507b5fd24f94c3c9d48fb379430f097bc20f01beff6c963ffbcedb", size = 3885553, upload-time = "2026-08-13T10:58:12.709Z" },
    { url = "https://files.pythonhosted.org/packages/50/7f/d39f6e64375c2ffd50ea100e3c73af79085c880c2791eb7203bc61d8913f/pypdfium2-5.13.0-py3-none-win_arm64.whl", hash = "sha256:554a0b23376460af1410e3c915906895e2dac67a086b9e6ccde0643a795d3b0d", size = 3700026, upload-time = "2026-08-13T10:58:14.206Z" },
]

[[package]]
name = "pytest"
version = "8.4.2"
source = { registry = "https://pypi.org/simple" }
dependencies = [
    { name = "colorama", marker = "sys_platform == 'win32'" },
    { name = "iniconfig" },
    { name = "packaging" },
    { name = "pluggy" },
    { name = "pygments" },
]
sdist = { url = "https://files.pythonhosted.org/packages/a3/5c/00a0e072241553e1a7496d638deababa67c5058571567b92a7eaa258397c/pytest-8.4.2.tar.gz", hash = "sha256:86c0d0b93306b961d58d62a4db4879f27fe25513d4b969df351abdddb3c30e01", size = 1519618, upload-time = "2025-09-04T14:34:22.711Z" }
wheels = [
    { url = "https://files.pythonhosted.org/packages/a8/a4/20da314d277121d6534b3a980b29035dcd51e6744bd79075a6ce8fa4eb8d/pytest-8.4.2-py3-none-any.whl", hash = "sha256:872f880de3fc3a5bdc88a11b39c9710c3497a547cfa9320bc3c5e62fbf272e79", size = 365750, upload-time = "2025-09-04T14:34:20.226Z" },
]

[[package]]
name = "python-calamine"
version = "0.8.2"
source = { registry = "https://pypi.org/simple" }
sdist = { url = "https://files.pythonhosted.org/packages/10/36/473a55063a6af3739cdf4b879869d3067e677f3dfb52ec8fadac23941a33/python_calamine-0.8.2.tar.gz", hash = "sha256:b2000c085722afd01d973af3d58325d26cfd798b3665bb0924e3a658351ebfad", size = 227187, upload-time = "2026-07-13T13:58:26.909Z" }
wheels = [
    { url = "https://files.pythonhosted.org/packages/d0/a0/33beab8ace41d872de57da04d06ab001e31b42d283defd42a81f5653526b/python_calamine-0.8.2-cp311-cp311-macosx_10_12_x86_64.whl", hash = "sha256:29b2ee38dfa98e430ae4f32849fb46bd47befd8adbed0a08c290326371d195fe", size = 860315, upload-time = "2026-07-13T13:56:08.143Z" },
    { url = "https://files.pythonhosted.org/packages/c6/e6/cbd088173589d7f78b5aaab821721a790e8d621a653512de3c412f92ac0a/python_calamine-0.8.2-cp311-cp311-macosx_11_0_arm64.whl", hash = "sha256:8e44f54daa383a64704b8f975e0ee793c429bcc0de67bd231b1762179a539475", size = 853168, upload-time = "2026-07-13T13:56:09.83Z" },
    { url = "https://files.pythonhosted.org/packages/c3/4a/612f005c24ead4ca1dc844371a443a6b74a8b53e66f506d0cf8edf9097bb/python_calamine-0.8.2-cp311-cp311-manylinux_2_17_aarch64.manylinux2014_aarch64.whl", hash = "sha256:6dd67cf7806e2b29b04d32453a1c6c4b304b2e86120813f3a96696245a8ed461", size = 927629, upload-time = "2026-07-13T13:56:11.519Z" },
    { url = "https://files.pythonhosted.org/packages/74/7b/03a261f4489eb04df88d770d317e021858e37d70a958188dabab19a9fe58/python_calamine-0.8.2-cp311-cp311-manylinux_2_17_armv7l.manylinux2014_armv7l.whl", hash = "sha256:28ceb21f80bd251e48265a7742235c87488a4cac9ff91f523fb3fdc1e56195dc", size = 920851, upload-time = "2026-07-13T13:56:13.209Z" },
    { url = "https://files.pythonhosted.org/packages/c1/30/f84cdb77a2d1034703ec5f2c9a7bee469c7d99f1e54374b247ed319a3164/python_calamine-0.8.2-cp311-cp311-manylinux_2_17_ppc64le.manylinux2014_ppc64le.whl", hash = "sha256:22434c553f4f6b945f63caa271351ec9f4d6fd11bdb97cafc094c474f13aabc0", size = 1090840, upload-time = "2026-07-13T13:56:14.743Z" },
    { url = "https://files.pythonhosted.org/packages/4b/b4/531f2878776b601e3e2895a7f8a3b41729ca7447fc6d6e59cf90d55cb03a/python_calamine-0.8.2-cp311-cp311-manylinux_2_17_s390x.manylinux2014_s390x.whl", hash = "sha256:1ca82ceef14d9194caf0a62e02749b8449d92430b11523c99c9670b7a763fa5e", size = 989963, upload-time = "2026-07-13T13:56:16.484Z" },
    { url = "https://files.pythonhosted.org/packages/4b/9e/f8879a6c1334997825d6f5cfba1552f7fe9b1dd650e3b03e8bc0b1f5e875/python_calamine-0.8.2-cp311-cp311-manylinux_2_17_x86_64.manylinux2014_x86_64.whl", hash = "sha256:819c86fbfc638eca46b7c06134632959a2ce8ae20aeb580d89b4b6f6cfc5fb94", size = 924123, upload-time = "2026-07-13T13:56:18.099Z" },
    { url = "https://files.pythonhosted.org/packages/b8/88/de03268656a12fd9a73974cd836558f113db152202c93160e57fe0dc10e5/python_calamine-0.8.2-cp311-cp311-manylinux_2_5_i686.manylinux1_i686.whl", hash = "sha256:ccccafe6767027eae0ab5493b0afcbc35da38aa64a9b85657bbe8660cb60dd98", size = 1003606, upload-time = "2026-07-13T13:56:19.772Z" },
    { url = "https://files.pythonhosted.org/packages/ed/d8/7ec6aa10bea0d2f4c535d6b7685a58f7e4ba24f7323dfb05aaa789f5baba/python_calamine-0.8.2-cp311-cp311-musllinux_1_1_aarch64.whl", hash = "sha256:43648db3d6773d4e56b23d405fa3e91ed3398e3b05b9244d50dbb61ffb67d34a", size = 1103990, upload-time = "2026-07-13T13:56:21.582Z" },
    { url = "https://files.pythonhosted.org/packages/cc/aa/969ca12f2412ae4b1c6830b42cc6c5a419704b76ddabbb5e7fec803275aa/python_calamine-0.8.2-cp311-cp311-musllinux_1_1_armv7l.whl", hash = "sha256:ebf7a362249f80ff1519e6f568f3046266cbb3157fda262cd725013e17b18d9f", size = 1195526, upload-time = "2026-07-13T13:56:23.407Z" },
    { url = "https://files.pythonhosted.org/packages/20/81/23d9f1ca602a194a57aa7bced4a554ec57532377fbe3955dcfcd227fefff/python_calamine-0.8.2-cp311-cp311-musllinux_1_1_x86_64.whl", hash = "sha256:71d5ffc0d81bf9d6b8c5051a256fd4e6d0f0bcaf65700ad7d6fb35e35712d932", size = 1139854, upload-time = "2026-07-13T13:56:24.875Z" },
    { url = "https://files.pythonhosted.org/packages/ca/9c/b3e73e321c2fa78cf7f64720801fc5e74e8be722129293a1c5fe0c3d7e71/python_calamine-0.8.2-cp311-cp311-win32.whl", hash = "sha256:ac23687b41bbe4a6964a69420051cc59e81d4fcf32e5e82342fd3c970d141f24", size = 738563, upload-time = "2026-07-13T13:56:26.429Z" },
    { url = "https://files.pythonhosted.org/packages/05/e3/d13fc340b0a0b0010d3c5799ed6c578e13cbc6501d629ee301e7e37468dd/python_calamine-0.8.2-cp311-cp311-win_amd64.whl", hash = "sha256:c94abc66f8b544e5fc126dfaa6b41b77a394adfe09dac95e20679823e41e38be", size = 777797, upload-time = "2026-07-13T13:56:28.112Z" },
    { url = "https://files.pythonhosted.org/packages/53/30/b00a62b6c910d83511454f1474896432c839ccf53183f184ef5cbf822fa5/python_calamine-0.8.2-cp311-cp311-win_arm64.whl", hash = "sha256:0288fa6488f6ced089d3848d572fc41098e4e7c9e09976d269043957ca432b7b", size = 749055, upload-time = "2026-07-13T13:56:29.749Z" },
    { url = "https://files.pythonhosted.org/packages/6d/76/7c558e6eb904fd05cf9c3e59464df5d03f507d87ce564df0452f15d848cf/python_calamine-0.8.2-pp311-pypy311_pp73-macosx_10_12_x86_64.whl", hash = "sha256:1d13023efd46b242c7ade9ea043bee11184bd8cb4f1da76832ebc18282eda858", size = 866176, upload-time = "2026-07-13T13:58:11.928Z" },
    { url = "https://files.pythonhosted.org/packages/56/4f/047d131bdea829e147d62526fce45c0ce1abb385ef3a1b8dfc135f5b0016/python_calamine-0.8.2-pp311-pypy311_pp73-macosx_11_0_arm64.whl", hash = "sha256:cd2fe069bd3a7894eb78259252493b1272be5ed82edcc35131565daff8e74758", size = 855816, upload-time = "2026-07-13T13:58:13.785Z" },
    { url = "https://files.pythonhosted.org/packages/3b/23/ae50c3d6bfe8d0e0d2c9fbcc242fa23a0847217bb8316cc7e59f5425fe09/python_calamine-0.8.2-pp311-pypy311_pp73-manylinux_2_17_aarch64.manylinux2014_aarch64.whl", hash = "sha256:8d5ab4a3e6e710d8c77c314a70b0c89e6ccbe934e10fb97f1d5970416ababf5d", size = 929717, upload-time = "2026-07-13T13:58:15.746Z" },
    { url = "https://files.pythonhosted.org/packages/43/fe/0fc0f06d82e8743c8f95cdaada31d7c54b114b787e9577fe319cd6f81c4a/python_calamine-0.8.2-pp311-pypy311_pp73-manylinux_2_17_x86_64.manylinux2014_x86_64.whl", hash = "sha256:8a9fd05a000d4e28ad6cc87f258ea46681c24568c2738cda24ec44fae9aa20a3", size = 928256, upload-time = "2026-07-13T13:58:17.578Z" },
    { url = "https://files.pythonhosted.org/packages/59/e0/db2a1b9fc7d2bdd8300a376c16f45edb16049eeb151a59bf04ac6cc80ad7/python_calamine-0.8.2-pp311-pypy311_pp73-manylinux_2_5_i686.manylinux1_i686.whl", hash = "sha256:4f4323d0f05be5f729fa8c165bdc6f19c89114f538ab994f0de5da90adc05302", size = 1006762, upload-time = "2026-07-13T13:58:19.55Z" },
    { url = "https://files.pythonhosted.org/packages/5d/f6/7e1b30dad9a0bb18d71bb4ebffab46fc835711e07450b40c987825315d7c/python_calamine-0.8.2-pp311-pypy311_pp73-musllinux_1_1_aarch64.whl", hash = "sha256:e38b7285af2e7e7628173754671feffecdc9705f007fd3b01b6a899be61a4be8", size = 1106333, upload-time = "2026-07-13T13:58:21.384Z" },
    { url = "https://files.pythonhosted.org/packages/3c/a8/7a3ad60bff627d81f74ba9e552c86d8821fcdd4f24b67511487c1e578eb5/python_calamine-0.8.2-pp311-pypy311_pp73-musllinux_1_1_armv7l.whl", hash = "sha256:c5cfc20448c5fcfee42d26e70bb9416892b1b26aad9fd7126de31cceb13826a3", size = 1199755, upload-time = "2026-07-13T13:58:23.35Z" },
    { url = "https://files.pythonhosted.org/packages/80/a2/7d953a413905314ef2d03f9b6d552f7f8685fb28a175905b0de51d03b94c/python_calamine-0.8.2-pp311-pypy311_pp73-musllinux_1_1_x86_64.whl", hash = "sha256:9b5fc52cc2fb496c038781ad6ca86d5017a615075ae04a45c7de6160bfe4beb9", size = 1145928, upload-time = "2026-07-13T13:58:25.242Z" },
]

[[package]]
name = "soupsieve"
version = "2.9.2"
source = { registry = "https://pypi.org/simple" }
sdist = { url = "https://files.pythonhosted.org/packages/69/99/a6ca3beb3ccacb41fb3321d8a60e5566f9e6467601ef8eba6a17e1b89778/soupsieve-2.9.2.tar.gz", hash = "sha256:4a55d8cf158a9c2e587fa4922f1bbb91d68ac829e2d6f25403a85747c71daf74", size = 122445, upload-time = "2026-08-07T00:57:24.801Z" }
wheels = [
    { url = "https://files.pythonhosted.org/packages/eb/dc/ad025c1ee131eba60c69f4dd5779b18fcf1e6b21a343e2162a84d5d133c7/soupsieve-2.9.2-py3-none-any.whl", hash = "sha256:8089a26fd974ca7a1f30276d3d8492ab266ab15af581642dfe8aa162e0c1c823", size = 37370, upload-time = "2026-08-07T00:57:23.524Z" },
]

[[package]]
name = "typing-extensions"
version = "4.16.0"
source = { registry = "https://pypi.org/simple" }
sdist = { url = "https://files.pythonhosted.org/packages/f6/cc/6253133b5bb138fc3306cebfbda2c520f545d36b5be2c7255cc528bb45d6/typing_extensions-4.16.0.tar.gz", hash = "sha256:dc983d19a509c94dba722ee6abd33940f7c05a89e243c47e907eb4db6f1a43e5", size = 113555, upload-time = "2026-07-02T08:40:05.92Z" }
wheels = [
    { url = "https://files.pythonhosted.org/packages/49/d3/b8441a820a491ddfc024b0b0cf0393375b75ea13866d9c66727e54c2fc80/typing_extensions-4.16.0-py3-none-any.whl", hash = "sha256:481caa481374e813c1b176ada14e97f1f67a4539ce9cfeb3f350d78d6370c2e8", size = 45571, upload-time = "2026-07-02T08:40:04.659Z" },
]

[[package]]
name = "xlsxwriter"
version = "3.2.9"
source = { registry = "https://pypi.org/simple" }
sdist = { url = "https://files.pythonhosted.org/packages/46/2c/c06ef49dc36e7954e55b802a8b231770d286a9758b3d936bd1e04ce5ba88/xlsxwriter-3.2.9.tar.gz", hash = "sha256:254b1c37a368c444eac6e2f867405cc9e461b0ed97a3233b2ac1e574efb4140c", size = 215940, upload-time = "2025-09-16T00:16:21.63Z" }
wheels = [
    { url = "https://files.pythonhosted.org/packages/3a/0c/3662f4a66880196a590b202f0db82d919dd2f89e99a27fadef91c4a33d41/xlsxwriter-3.2.9-py3-none-any.whl", hash = "sha256:9a5db42bc5dff014806c58a20b9eae7322a134abb6fce3c92c181bfb275ec5b3", size = 175315, upload-time = "2025-09-16T00:16:20.108Z" },
]
